// !$*UTF8*$!
{
	archiveVersion = 1;
	classes = {
	};
	objectVersion = 46;
	objects = {

/* Begin PBXBuildFile section */
		A41915F5275314B224F38DC6 /* Pods_PokeFind.framework in Frameworks */ = {isa = PBXBuildFile; fileRef = 3704A0CBD38FFF2BA781FC35 /* Pods_PokeFind.framework */; };
		B259DC501F2813E3007208AF /* AppDelegate.swift in Sources */ = {isa = PBXBuildFile; fileRef = B259DC4F1F2813E3007208AF /* AppDelegate.swift */; };
		B259DC521F2813E3007208AF /* ViewController.swift in Sources */ = {isa = PBXBuildFile; fileRef = B259DC511F2813E3007208AF /* ViewController.swift */; };
		B259DC551F2813E3007208AF /* Main.storyboard in Resources */ = {isa = PBXBuildFile; fileRef = B259DC531F2813E3007208AF /* Main.storyboard */; };
		B259DC571F2813E3007208AF /* Assets.xcassets in Resources */ = {isa = PBXBuildFile; fileRef = B259DC561F2813E3007208AF /* Assets.xcassets */; };
		B259DC5A1F2813E3007208AF /* LaunchScreen.storyboard in Resources */ = {isa = PBXBuildFile; fileRef = B259DC581F2813E3007208AF /* LaunchScreen.storyboard */; };
		B259DC621F284250007208AF /* GoogleService-Info.plist in Resources */ = {isa = PBXBuildFile; fileRef = B259DC611F284250007208AF /* GoogleService-Info.plist */; };
		B259DC751F28442F007208AF /* GeoFire.m in Sources */ = {isa = PBXBuildFile; fileRef = B259DC6C1F28442E007208AF /* GeoFire.m */; };
		B259DC761F28442F007208AF /* GFBase32Utils.m in Sources */ = {isa = PBXBuildFile; fileRef = B259DC6E1F28442E007208AF /* GFBase32Utils.m */; };
		B259DC771F28442F007208AF /* GFGeoHash.m in Sources */ = {isa = PBXBuildFile; fileRef = B259DC701F28442E007208AF /* GFGeoHash.m */; };
		B259DC781F28442F007208AF /* GFGeoHashQuery.m in Sources */ = {isa = PBXBuildFile; fileRef = B259DC721F28442E007208AF /* GFGeoHashQuery.m */; };
		B259DC791F28442F007208AF /* GFQuery.m in Sources */ = {isa = PBXBuildFile; fileRef = B259DC741F28442E007208AF /* GFQuery.m */; };
		B259DC7E1F284997007208AF /* PokeAnnotation.swift in Sources */ = {isa = PBXBuildFile; fileRef = B259DC7D1F284997007208AF /* PokeAnnotation.swift */; };
/* End PBXBuildFile section */

/* Begin PBXFileReference section */
		083A79171E2D815EFE549060 /* Pods-PokeFind.release.xcconfig */ = {isa = PBXFileReference; includeInIndex = 1; lastKnownFileType = text.xcconfig; name = "Pods-PokeFind.release.xcconfig"; path = "Pods/Target Support Files/Pods-PokeFind/Pods-PokeFind.release.xcconfig"; sourceTree = "<group>"; };
		3704A0CBD38FFF2BA781FC35 /* Pods_PokeFind.framework */ = {isa = PBXFileReference; explicitFileType = wrapper.framework; includeInIndex = 0; path = Pods_PokeFind.framework; sourceTree = BUILT_PRODUCTS_DIR; };
		763E7D8BC0FFD794CAC2A84C /* Pods-PokeFind.debug.xcconfig */ = {isa = PBXFileReference; includeInIndex = 1; lastKnownFileType = text.xcconfig; name = "Pods-PokeFind.debug.xcconfig"; path = "Pods/Target Support Files/Pods-PokeFind/Pods-PokeFind.debug.xcconfig"; sourceTree = "<group>"; };
		B259DC4C1F2813E3007208AF /* PokeFind.app */ = {isa = PBXFileReference; explicitFileType = wrapper.application; includeInIndex = 0; path = PokeFind.app; sourceTree = BUILT_PRODUCTS_DIR; };
		B259DC4F1F2813E3007208AF /* AppDelegate.swift */ = {isa = PBXFileReference; lastKnownFileType = sourcecode.swift; path = AppDelegate.swift; sourceTree = "<group>"; };
		B259DC511F2813E3007208AF /* ViewController.swift */ = {isa = PBXFileReference; lastKnownFileType = sourcecode.swift; path = ViewController.swift; sourceTree = "<group>"; };
		B259DC541F2813E3007208AF /* Base */ = {isa = PBXFileReference; lastKnownFileType = file.storyboard; name = Base; path = Base.lproj/Main.storyboard; sourceTree = "<group>"; };
		B259DC561F2813E3007208AF /* Assets.xcassets */ = {isa = PBXFileReference; lastKnownFileType = folder.assetcatalog; path = Assets.xcassets; sourceTree = "<group>"; };
		B259DC591F2813E3007208AF /* Base */ = {isa = PBXFileReference; lastKnownFileType = file.storyboard; name = Base; path = Base.lproj/LaunchScreen.storyboard; sourceTree = "<group>"; };
		B259DC5B1F2813E3007208AF /* Info.plist */ = {isa = PBXFileReference; lastKnownFileType = text.plist.xml; path = Info.plist; sourceTree = "<group>"; };
		B259DC611F284250007208AF /* GoogleService-Info.plist */ = {isa = PBXFileReference; fileEncoding = 4; lastKnownFileType = text.plist.xml; path = "GoogleService-Info.plist"; sourceTree = "<group>"; };
		B259DC651F28442E007208AF /* GeoFire.h */ = {isa = PBXFileReference; fileEncoding = 4; lastKnownFileType = sourcecode.c.h; path = GeoFire.h; sourceTree = "<group>"; };
		B259DC661F28442E007208AF /* GFCircleQuery.h */ = {isa = PBXFileReference; fileEncoding = 4; lastKnownFileType = sourcecode.c.h; path = GFCircleQuery.h; sourceTree = "<group>"; };
		B259DC671F28442E007208AF /* GFQuery.h */ = {isa = PBXFileReference; fileEncoding = 4; lastKnownFileType = sourcecode.c.h; path = GFQuery.h; sourceTree = "<group>"; };
		B259DC681F28442E007208AF /* GFRegionQuery.h */ = {isa = PBXFileReference; fileEncoding = 4; lastKnownFileType = sourcecode.c.h; path = GFRegionQuery.h; sourceTree = "<group>"; };
		B259DC691F28442E007208AF /* GeoFire-Prefix.pch */ = {isa = PBXFileReference; fileEncoding = 4; lastKnownFileType = sourcecode.c.h; path = "GeoFire-Prefix.pch"; sourceTree = "<group>"; };
		B259DC6B1F28442E007208AF /* GeoFire+Private.h */ = {isa = PBXFileReference; fileEncoding = 4; lastKnownFileType = sourcecode.c.h; path = "GeoFire+Private.h"; sourceTree = "<group>"; };
		B259DC6C1F28442E007208AF /* GeoFire.m */ = {isa = PBXFileReference; fileEncoding = 4; lastKnownFileType = sourcecode.c.objc; path = GeoFire.m; sourceTree = "<group>"; };
		B259DC6D1F28442E007208AF /* GFBase32Utils.h */ = {isa = PBXFileReference; fileEncoding = 4; lastKnownFileType = sourcecode.c.h; path = GFBase32Utils.h; sourceTree = "<group>"; };
		B259DC6E1F28442E007208AF /* GFBase32Utils.m */ = {isa = PBXFileReference; fileEncoding = 4; lastKnownFileType = sourcecode.c.objc; path = GFBase32Utils.m; sourceTree = "<group>"; };
		B259DC6F1F28442E007208AF /* GFGeoHash.h */ = {isa = PBXFileReference; fileEncoding = 4; lastKnownFileType = sourcecode.c.h; path = GFGeoHash.h; sourceTree = "<group>"; };
		B259DC701F28442E007208AF /* GFGeoHash.m */ = {isa = PBXFileReference; fileEncoding = 4; lastKnownFileType = sourcecode.c.objc; path = GFGeoHash.m; sourceTree = "<group>"; };
		B259DC711F28442E007208AF /* GFGeoHashQuery.h */ = {isa = PBXFileReference; fileEncoding = 4; lastKnownFileType = sourcecode.c.h; path = GFGeoHashQuery.h; sourceTree = "<group>"; };
		B259DC721F28442E007208AF /* GFGeoHashQuery.m */ = {isa = PBXFileReference; fileEncoding = 4; lastKnownFileType = sourcecode.c.objc; path = GFGeoHashQuery.m; sourceTree = "<group>"; };
		B259DC731F28442E007208AF /* GFQuery+Private.h */ = {isa = PBXFileReference; fileEncoding = 4; lastKnownFileType = sourcecode.c.h; path = "GFQuery+Private.h"; sourceTree = "<group>"; };
		B259DC741F28442E007208AF /* GFQuery.m */ = {isa = PBXFileReference; fileEncoding = 4; lastKnownFileType = sourcecode.c.objc; path = GFQuery.m; sourceTree = "<group>"; };
		B259DC7A1F2844F1007208AF /* PokeFind-Bridging-Header.h */ = {isa = PBXFileReference; fileEncoding = 4; lastKnownFileType = sourcecode.c.h; path = "PokeFind-Bridging-Header.h"; sourceTree = "<group>"; };
		B259DC7D1F284997007208AF /* PokeAnnotation.swift */ = {isa = PBXFileReference; fileEncoding = 4; lastKnownFileType = sourcecode.swift; path = PokeAnnotation.swift; sourceTree = "<group>"; };
/* End PBXFileReference section */

/* Begin PBXFrameworksBuildPhase section */
		B259DC491F2813E3007208AF /* Frameworks */ = {
			isa = PBXFrameworksBuildPhase;
			buildActionMask = 2147483647;
			files = (
				A41915F5275314B224F38DC6 /* Pods_PokeFind.framework in Frameworks */,
			);
			runOnlyForDeploymentPostprocessing = 0;
		};
/* End PBXFrameworksBuildPhase section */

/* Begin PBXGroup section */
		1E173FFF93DEA458D2D0C27D /* Frameworks */ = {
			isa = PBXGroup;
			children = (
				3704A0CBD38FFF2BA781FC35 /* Pods_PokeFind.framework */,
			);
			name = Frameworks;
			sourceTree = "<group>";
		};
		40014D4DA84C618FA5690848 /* Pods */ = {
			isa = PBXGroup;
			children = (
				763E7D8BC0FFD794CAC2A84C /* Pods-PokeFind.debug.xcconfig */,
				083A79171E2D815EFE549060 /* Pods-PokeFind.release.xcconfig */,
			);
			name = Pods;
			sourceTree = "<group>";
		};
		B259DC431F2813E3007208AF = {
			isa = PBXGroup;
			children = (
				B259DC4E1F2813E3007208AF /* PokeFind */,
				B259DC4D1F2813E3007208AF /* Products */,
				40014D4DA84C618FA5690848 /* Pods */,
				1E173FFF93DEA458D2D0C27D /* Frameworks */,
			);
			sourceTree = "<group>";
		};
		B259DC4D1F2813E3007208AF /* Products */ = {
			isa = PBXGroup;
			children = (
				B259DC4C1F2813E3007208AF /* PokeFind.app */,
			);
			name = Products;
			sourceTree = "<group>";
		};
		B259DC4E1F2813E3007208AF /* PokeFind */ = {
			isa = PBXGroup;
			children = (
				B259DC7C1F28496F007208AF /* Model */,
				B259DC7B1F28496B007208AF /* Controller */,
				B259DC631F28442E007208AF /* GeoFire */,
				B259DC4F1F2813E3007208AF /* AppDelegate.swift */,
				B259DC531F2813E3007208AF /* Main.storyboard */,
				B259DC561F2813E3007208AF /* Assets.xcassets */,
				B259DC581F2813E3007208AF /* LaunchScreen.storyboard */,
				B259DC611F284250007208AF /* GoogleService-Info.plist */,
				B259DC5B1F2813E3007208AF /* Info.plist */,
				B259DC7A1F2844F1007208AF /* PokeFind-Bridging-Header.h */,
			);
			path = PokeFind;
			sourceTree = "<group>";
		};
		B259DC631F28442E007208AF /* GeoFire */ = {
			isa = PBXGroup;
			children = (
				B259DC641F28442E007208AF /* API */,
				B259DC691F28442E007208AF /* GeoFire-Prefix.pch */,
				B259DC6A1F28442E007208AF /* Implementation */,
			);
			path = GeoFire;
			sourceTree = "<group>";
		};
		B259DC641F28442E007208AF /* API */ = {
			isa = PBXGroup;
			children = (
				B259DC651F28442E007208AF /* GeoFire.h */,
				B259DC661F28442E007208AF /* GFCircleQuery.h */,
				B259DC671F28442E007208AF /* GFQuery.h */,
				B259DC681F28442E007208AF /* GFRegionQuery.h */,
			);
			path = API;
			sourceTree = "<group>";
		};
		B259DC6A1F28442E007208AF /* Implementation */ = {
			isa = PBXGroup;
			children = (
				B259DC6B1F28442E007208AF /* GeoFire+Private.h */,
				B259DC6C1F28442E007208AF /* GeoFire.m */,
				B259DC6D1F28442E007208AF /* GFBase32Utils.h */,
				B259DC6E1F28442E007208AF /* GFBase32Utils.m */,
				B259DC6F1F28442E007208AF /* GFGeoHash.h */,
				B259DC701F28442E007208AF /* GFGeoHash.m */,
				B259DC711F28442E007208AF /* GFGeoHashQuery.h */,
				B259DC721F28442E007208AF /* GFGeoHashQuery.m */,
				B259DC731F28442E007208AF /* GFQuery+Private.h */,
				B259DC741F28442E007208AF /* GFQuery.m */,
			);
			path = Implementation;
			sourceTree = "<group>";
		};
		B259DC7B1F28496B007208AF /* Controller */ = {
			isa = PBXGroup;
			children = (
				B259DC511F2813E3007208AF /* ViewController.swift */,
			);
			name = Controller;
			sourceTree = "<group>";
		};
		B259DC7C1F28496F007208AF /* Model */ = {
			isa = PBXGroup;
			children = (
				B259DC7D1F284997007208AF /* PokeAnnotation.swift */,
			);
			name = Model;
			sourceTree = "<group>";
		};
/* End PBXGroup section */

/* Begin PBXNativeTarget section */
		B259DC4B1F2813E3007208AF /* PokeFind */ = {
			isa = PBXNativeTarget;
			buildConfigurationList = B259DC5E1F2813E3007208AF /* Build configuration list for PBXNativeTarget "PokeFind" */;
			buildPhases = (
				11437AFA19E166CB90E777B5 /* [CP] Check Pods Manifest.lock */,
				B259DC481F2813E3007208AF /* Sources */,
				B259DC491F2813E3007208AF /* Frameworks */,
				B259DC4A1F2813E3007208AF /* Resources */,
				382EBD46AD8F70E1F14F7816 /* [CP] Embed Pods Frameworks */,
				79A5EAEB6C944A4022BF6ADD /* [CP] Copy Pods Resources */,
			);
			buildRules = (
			);
			dependencies = (
			);
			name = PokeFind;
			productName = PokeFind;
			productReference = B259DC4C1F2813E3007208AF /* PokeFind.app */;
			productType = "com.apple.product-type.application";
		};
/* End PBXNativeTarget section */

/* Begin PBXProject section */
		B259DC441F2813E3007208AF /* Project object */ = {
			isa = PBXProject;
			attributes = {
				LastSwiftUpdateCheck = 0830;
				LastUpgradeCheck = 0830;
				ORGANIZATIONNAME = Dymtech;
				TargetAttributes = {
					B259DC4B1F2813E3007208AF = {
						CreatedOnToolsVersion = 8.3.3;
						ProvisioningStyle = Automatic;
					};
				};
			};
			buildConfigurationList = B259DC471F2813E3007208AF /* Build configuration list for PBXProject "PokeFind" */;
			compatibilityVersion = "Xcode 3.2";
			developmentRegion = English;
			hasScannedForEncodings = 0;
			knownRegions = (
				en,
				Base,
			);
			mainGroup = B259DC431F2813E3007208AF;
			productRefGroup = B259DC4D1F2813E3007208AF /* Products */;
			projectDirPath = "";
			projectRoot = "";
			targets = (
				B259DC4B1F2813E3007208AF /* PokeFind */,
			);
		};
/* End PBXProject section */

/* Begin PBXResourcesBuildPhase section */
		B259DC4A1F2813E3007208AF /* Resources */ = {
			isa = PBXResourcesBuildPhase;
			buildActionMask = 2147483647;
			files = (
				B259DC5A1F2813E3007208AF /* LaunchScreen.storyboard in Resources */,
				B259DC621F284250007208AF /* GoogleService-Info.plist in Resources */,
				B259DC571F2813E3007208AF /* Assets.xcassets in Resources */,
				B259DC551F2813E3007208AF /* Main.storyboard in Resources */,
			);
			runOnlyForDeploymentPostprocessing = 0;
		};
/* End PBXResourcesBuildPhase section */

/* Begin PBXShellScriptBuildPhase section */
		11437AFA19E166CB90E777B5 /* [CP] Check Pods Manifest.lock */ = {
			isa = PBXShellScriptBuildPhase;
			buildActionMask = 2147483647;
			files = (
			);
			inputPaths = (
			);
			name = "[CP] Check Pods Manifest.lock";
			outputPaths = (
			);
			runOnlyForDeploymentPostprocessing = 0;
			shellPath = /bin/sh;
			shellScript = "diff \"${PODS_PODFILE_DIR_PATH}/Podfile.lock\" \"${PODS_ROOT}/Manifest.lock\" > /dev/null\nif [ $? != 0 ] ; then\n    # print error to STDERR\n    echo \"error: The sandbox is not in sync with the Podfile.lock. Run 'pod install' or update your CocoaPods installation.\" >&2\n    exit 1\nfi\n";
			showEnvVarsInLog = 0;
		};
		382EBD46AD8F70E1F14F7816 /* [CP] Embed Pods Frameworks */ = {
			isa = PBXShellScriptBuildPhase;
			buildActionMask = 2147483647;
			files = (
			);
			inputPaths = (
			);
			name = "[CP] Embed Pods Frameworks";
			outputPaths = (
			);
			runOnlyForDeploymentPostprocessing = 0;
			shellPath = /bin/sh;
			shellScript = "\"${SRCROOT}/Pods/Target Support Files/Pods-PokeFind/Pods-PokeFind-frameworks.sh\"\n";
			showEnvVarsInLog = 0;
		};
		79A5EAEB6C944A4022BF6ADD /* [CP] Copy Pods Resources */ = {
			isa = PBXShellScriptBuildPhase;
			buildActionMask = 2147483647;
			files = (
			);
			inputPaths = (
			);
			name = "[CP] Copy Pods Resources";
			outputPaths = (
			);
			runOnlyForDeploymentPostprocessing = 0;
			shellPath = /bin/sh;
			shellScript = "\"${SRCROOT}/Pods/Target Support Files/Pods-PokeFind/Pods-PokeFind-resources.sh\"\n";
			showEnvVarsInLog = 0;
		};
/* End PBXShellScriptBuildPhase section */

/* Begin PBXSourcesBuildPhase section */
		B259DC481F2813E3007208AF /* Sources */ = {
			isa = PBXSourcesBuildPhase;
			buildActionMask = 2147483647;
			files = (
				B259DC761F28442F007208AF /* GFBase32Utils.m in Sources */,
				B259DC7E1F284997007208AF /* PokeAnnotation.swift in Sources */,
				B259DC521F2813E3007208AF /* ViewController.swift in Sources */,
				B259DC771F28442F007208AF /* GFGeoHash.m in Sources */,
				B259DC501F2813E3007208AF /* AppDelegate.swift in Sources */,
				B259DC751F28442F007208AF /* GeoFire.m in Sources */,
				B259DC781F28442F007208AF /* GFGeoHashQuery.m in Sources */,
				B259DC791F28442F007208AF /* GFQuery.m in Sources */,
			);
			runOnlyForDeploymentPostprocessing = 0;
		};
/* End PBXSourcesBuildPhase section */

/* Begin PBXVariantGroup section */
		B259DC531F2813E3007208AF /* Main.storyboard */ = {
			isa = PBXVariantGroup;
			children = (
				B259DC541F2813E3007208AF /* Base */,
			);
			name = Main.storyboard;
			sourceTree = "<group>";
		};
		B259DC581F2813E3007208AF /* LaunchScreen.storyboard */ = {
			isa = PBXVariantGroup;
			children = (
				B259DC591F2813E3007208AF /* Base */,
			);
			name = LaunchScreen.storyboard;
			sourceTree = "<group>";
		};
/* End PBXVariantGroup section */

/* Begin XCBuildConfiguration section */
		B259DC5C1F2813E3007208AF /* Debug */ = {
			isa = XCBuildConfiguration;
			buildSettings = {
				ALWAYS_SEARCH_USER_PATHS = NO;
				CLANG_ANALYZER_NONNULL = YES;
				CLANG_ANALYZER_NUMBER_OBJECT_CONVERSION = YES_AGGRESSIVE;
				CLANG_CXX_LANGUAGE_STANDARD = "gnu++0x";
				CLANG_CXX_LIBRARY = "libc++";
				CLANG_ENABLE_MODULES = YES;
				CLANG_ENABLE_OBJC_ARC = YES;
				CLANG_WARN_BOOL_CONVERSION = YES;
				CLANG_WARN_CONSTANT_CONVERSION = YES;
				CLANG_WARN_DIRECT_OBJC_ISA_USAGE = YES_ERROR;
				CLANG_WARN_DOCUMENTATION_COMMENTS = YES;
				CLANG_WARN_EMPTY_BODY = YES;
				CLANG_WARN_ENUM_CONVERSION = YES;
				CLANG_WARN_INFINITE_RECURSION = YES;
				CLANG_WARN_INT_CONVERSION = YES;
				CLANG_WARN_OBJC_ROOT_CLASS = YES_ERROR;
				CLANG_WARN_SUSPICIOUS_MOVE = YES;
				CLANG_WARN_UNREACHABLE_CODE = YES;
				CLANG_WARN__DUPLICATE_METHOD_MATCH = YES;
				"CODE_SIGN_IDENTITY[sdk=iphoneos*]" = "iPhone Developer";
				COPY_PHASE_STRIP = NO;
				DEBUG_INFORMATION_FORMAT = dwarf;
				ENABLE_STRICT_OBJC_MSGSEND = YES;
				ENABLE_TESTABILITY = YES;
				GCC_C_LANGUAGE_STANDARD = gnu99;
				GCC_DYNAMIC_NO_PIC = NO;
				GCC_NO_COMMON_BLOCKS = YES;
				GCC_OPTIMIZATION_LEVEL = 0;
				GCC_PREPROCESSOR_DEFINITIONS = (
					"DEBUG=1",
					"$(inherited)",
				);
				GCC_WARN_64_TO_32_BIT_CONVERSION = YES;
				GCC_WARN_ABOUT_RETURN_TYPE = YES_ERROR;
				GCC_WARN_UNDECLARED_SELECTOR = YES;
				GCC_WARN_UNINITIALIZED_AUTOS = YES_AGGRESSIVE;
				GCC_WARN_UNUSED_FUNCTION = YES;
				GCC_WARN_UNUSED_VARIABLE = YES;
				IPHONEOS_DEPLOYMENT_TARGET = 10.3;
				MTL_ENABLE_DEBUG_INFO = YES;
				ONLY_ACTIVE_ARCH = YES;
				SDKROOT = iphoneos;
				SWIFT_ACTIVE_COMPILATION_CONDITIONS = DEBUG;
				SWIFT_OPTIMIZATION_LEVEL = "-Onone";
				TARGETED_DEVICE_FAMILY = "1,2";
			};
			name = Debug;
		};
		B259DC5D1F2813E3007208AF /* Release */ = {
			isa = XCBuildConfiguration;
			buildSettings = {
				ALWAYS_SEARCH_USER_PATHS = NO;
				CLANG_ANALYZER_NONNULL = YES;
				CLANG_ANALYZER_NUMBER_OBJECT_CONVERSION = YES_AGGRESSIVE;
				CLANG_CXX_LANGUAGE_STANDARD = "gnu++0x";
				CLANG_CXX_LIBRARY = "libc++";
				CLANG_ENABLE_MODULES = YES;
				CLANG_ENABLE_OBJC_ARC = YES;
				CLANG_WARN_BOOL_CONVERSION = YES;
				CLANG_WARN_CONSTANT_CONVERSION = YES;
				CLANG_WARN_DIRECT_OBJC_ISA_USAGE = YES_ERROR;
				CLANG_WARN_DOCUMENTATION_COMMENTS = YES;
				CLANG_WARN_EMPTY_BODY = YES;
				CLANG_WARN_ENUM_CONVERSION = YES;
				CLANG_WARN_INFINITE_RECURSION = YES;
				CLANG_WARN_INT_CONVERSION = YES;
				CLANG_WARN_OBJC_ROOT_CLASS = YES_ERROR;
				CLANG_WARN_SUSPICIOUS_MOVE = YES;
				CLANG_WARN_UNREACHABLE_CODE = YES;
				CLANG_WARN__DUPLICATE_METHOD_MATCH = YES;
				"CODE_SIGN_IDENTITY[sdk=iphoneos*]" = "iPhone Developer";
				COPY_PHASE_STRIP = NO;
				DEBUG_INFORMATION_FORMAT = "dwarf-with-dsym";
				ENABLE_NS_ASSERTIONS = NO;
				ENABLE_STRICT_OBJC_MSGSEND = YES;
				GCC_C_LANGUAGE_STANDARD = gnu99;
				GCC_NO_COMMON_BLOCKS = YES;
				GCC_WARN_64_TO_32_BIT_CONVERSION = YES;
				GCC_WARN_ABOUT_RETURN_TYPE = YES_ERROR;
				GCC_WARN_UNDECLARED_SELECTOR = YES;
				GCC_WARN_UNINITIALIZED_AUTOS = YES_AGGRESSIVE;
				GCC_WARN_UNUSED_FUNCTION = YES;
				GCC_WARN_UNUSED_VARIABLE = YES;
				IPHONEOS_DEPLOYMENT_TARGET = 10.3;
				MTL_ENABLE_DEBUG_INFO = NO;
				SDKROOT = iphoneos;
				SWIFT_OPTIMIZATION_LEVEL = "-Owholemodule";
				TARGETED_DEVICE_FAMILY = "1,2";
				VALIDATE_PRODUCT = YES;
			};
			name = Release;
		};
		B259DC5F1F2813E3007208AF /* Debug */ = {
			isa = XCBuildConfiguration;
			baseConfigurationReference = 763E7D8BC0FFD794CAC2A84C /* Pods-PokeFind.debug.xcconfig */;
			buildSettings = {
				ASSETCATALOG_COMPILER_APPICON_NAME = AppIcon;
				INFOPLIST_FILE = PokeFind/Info.plist;
				LD_RUNPATH_SEARCH_PATHS = "$(inherited) @executable_path/Frameworks";
				PRODUCT_BUNDLE_IDENTIFIER = com.Dymtech.PokeFind;
				PRODUCT_NAME = "$(TARGET_NAME)";
				SWIFT_OBJC_BRIDGING_HEADER = "PokeFind/PokeFind-Bridging-Header.h";
				SWIFT_VERSION = 3.0;
			};
			name = Debug;
		};
		B259DC601F2813E3007208AF /* Release */ = {
			isa = XCBuildConfiguration;
			baseConfigurationReference = 083A79171E2D815EFE549060 /* Pods-PokeFind.release.xcconfig */;
			buildSettings = {
				ASSETCATALOG_COMPILER_APPICON_NAME = AppIcon;
				INFOPLIST_FILE = PokeFind/Info.plist;
				LD_RUNPATH_SEARCH_PATHS = "$(inherited) @executable_path/Frameworks";
				PRODUCT_BUNDLE_IDENTIFIER = com.Dymtech.PokeFind;
				PRODUCT_NAME = "$(TARGET_NAME)";
				SWIFT_OBJC_BRIDGING_HEADER = "PokeFind/PokeFind-Bridging-Header.h";
				SWIFT_VERSION = 3.0;
			};
			name = Release;
		};
/* End XCBuildConfiguration section */

/* Begin XCConfigurationList section */
		B259DC471F2813E3007208AF /* Build configuration list for PBXProject "PokeFind" */ = {
			isa = XCConfigurationList;
			buildConfigurations = (
				B259DC5C1F2813E3007208AF /* Debug */,
				B259DC5D1F2813E3007208AF /* Release */,
			);
			defaultConfigurationIsVisible = 0;
			defaultConfigurationName = Release;
		};
		B259DC5E1F2813E3007208AF /* Build configuration list for PBXNativeTarget "PokeFind" */ = {
			isa = XCConfigurationList;
			buildConfigurations = (
				B259DC5F1F2813E3007208AF /* Debug */,
				B259DC601F2813E3007208AF /* Release */,
			);
			defaultConfigurationIsVisible = 0;
			defaultConfigurationName = Release;
		};
/* End XCConfigurationList section */
	};
	rootObject = B259DC441F2813E3007208AF /* Project object */;
}
